
Microsoft Visual Studio Solution File, Format Version 12.00
# Visual Studio 15
VisualStudioVersion = 15.0.28010.2050
MinimumVisualStudioVersion = 10.0.40219.1
Project("{9A19103F-16F7-4668-BE54-9A1E7A4F7556}") = "CodeKata", "CodeKata\CodeKata.csproj", "{A3F8560F-BF42-48A3-8CE4-F6A27B67226E}"
EndProject
Project("{9A19103F-16F7-4668-BE54-9A1E7A4F7556}") = "CodeKataTests", "CodeKataTests\CodeKataTests.csproj", "{0362C29D-22F2-44D3-9A30-049726E20ACF}"
EndProject
Global
	GlobalSection(SolutionConfigurationPlatforms) = preSolution
		Debug|Any CPU = Debug|Any CPU
		Release|Any CPU = Release|Any CPU
	EndGlobalSection
	GlobalSection(ProjectConfigurationPlatforms) = postSolution
		{A3F8560F-BF42-48A3-8CE4-F6A27B67226E}.Debug|Any CPU.ActiveCfg = Debug|Any CPU
		{A3F8560F-BF42-48A3-8CE4-F6A27B67226E}.Debug|Any CPU.Build.0 = Debug|Any CPU
		{A3F8560F-BF42-48A3-8CE4-F6A27B67226E}.Release|Any CPU.ActiveCfg = Release|Any CPU
		{A3F8560F-BF42-48A3-8CE4-F6A27B67226E}.Release|Any CPU.Build.0 = Release|Any CPU
		{0362C29D-22F2-44D3-9A30-049726E20ACF}.Debug|Any CPU.ActiveCfg = Debug|Any CPU
		{0362C29D-22F2-44D3-9A30-049726E20ACF}.Debug|Any CPU.Build.0 = Debug|Any CPU
		{0362C29D-22F2-44D3-9A30-049726E20ACF}.Release|Any CPU.ActiveCfg = Release|Any CPU
		{0362C29D-22F2-44D3-9A30-049726E20ACF}.Release|Any CPU.Build.0 = Release|Any CPU
		{9FEDCD2C-6719-4E49-9285-5274CC4214C4}.Debug|Any CPU.ActiveCfg = Debug|Any CPU
		{9FEDCD2C-6719-4E49-9285-5274CC4214C4}.Debug|Any CPU.Build.0 = Debug|Any CPU
		{9FEDCD2C-6719-4E49-9285-5274CC4214C4}.Release|Any CPU.ActiveCfg = Release|Any CPU
		{9FEDCD2C-6719-4E49-9285-5274CC4214C4}.Release|Any CPU.Build.0 = Release|Any CPU
	EndGlobalSection
	GlobalSection(SolutionProperties) = preSolution
		HideSolutionNode = FALSE
	EndGlobalSection
	GlobalSection(ExtensibilityGlobals) = postSolution
		SolutionGuid = {F4E280C6-9557-49B0-A81C-BD3D7AE34116}
	EndGlobalSection
EndGlobal
